Microsoft Visual Studio Solution File, Format Version 11.00
# Visual Studio 2010
Project("{FAE04EC0-301F-11D3-BF4B-00C04F79EFBC}") = "Assembly-CSharp", "Assembly-CSharp.csproj", "{786C5993-38F1-F344-D699-19ABEDF5DFD5}"
EndProject
Project("{FAE04EC0-301F-11D3-BF4B-00C04F79EFBC}") = "Assembly-CSharp-Editor", "Assembly-CSharp-Editor.csproj", "{78B9128B-8A9F-1874-47F8-576BCF6C1B10}"
EndProject
Global
	GlobalSection(SolutionConfigurationPlatforms) = preSolution
		Debug|Any CPU = Debug|Any CPU
		Release|Any CPU = Release|Any CPU
	EndGlobalSection
	GlobalSection(ProjectConfigurationPlatforms) = postSolution
		{786C5993-38F1-F344-D699-19ABEDF5DFD5}.Debug|Any CPU.ActiveCfg = Debug|Any CPU
		{786C5993-38F1-F344-D699-19ABEDF5DFD5}.Debug|Any CPU.Build.0 = Debug|Any CPU
		{786C5993-38F1-F344-D699-19ABEDF5DFD5}.Release|Any CPU.ActiveCfg = Release|Any CPU
		{786C5993-38F1-F344-D699-19ABEDF5DFD5}.Release|Any CPU.Build.0 = Release|Any CPU
		{78B9128B-8A9F-1874-47F8-576BCF6C1B10}.Debug|Any CPU.ActiveCfg = Debug|Any CPU
		{78B9128B-8A9F-1874-47F8-576BCF6C1B10}.Debug|Any CPU.Build.0 = Debug|Any CPU
		{78B9128B-8A9F-1874-47F8-576BCF6C1B10}.Release|Any CPU.ActiveCfg = Release|Any CPU
		{78B9128B-8A9F-1874-47F8-576BCF6C1B10}.Release|Any CPU.Build.0 = Release|Any CPU
	EndGlobalSection
	GlobalSection(SolutionProperties) = preSolution
		HideSolutionNode = FALSE
	EndGlobalSection
EndGlobal
